{
  "name": "ajs-test",
  "version": "1.0.0",
  "lockfileVersion": 1,
  "requires": true,
  "dependencies": {
    "@alex-aka-ion/ajs": {
      "version": "1.0.0",
      "resolved": "https://npm.pkg.github.com/download/@alex-aka-ion/ajs/1.0.0/24558d8aa104dfb7d0770bf20d5a0a63ddd1b77a58cb205c449b4545b3f93a2c",
      "integrity": "sha512-rGdYFAExgg+WQNYcjtOQer5OQhk/c2DFTJJy6LIDJ1jfS1gIhhyv+xIl1Rotgqbb4Eug2Lo8HzqBQ9+reIm33A=="
    }
  }
}
